
Microsoft Visual Studio Solution File, Format Version 12.00
# Visual Studio Version 16
VisualStudioVersion = 16.0.30330.147
MinimumVisualStudioVersion = 10.0.40219.1
Project("{FAE04EC0-301F-11D3-BF4B-00C04F79EFBC}") = "Examen.2", "Examen.2.csproj", "{6234EF85-0949-4955-8011-447E15757118}"
EndProject
Global
	GlobalSection(SolutionConfigurationPlatforms) = preSolution
		Debug|Any CPU = Debug|Any CPU
		Release|Any CPU = Release|Any CPU
	EndGlobalSection
	GlobalSection(ProjectConfigurationPlatforms) = postSolution
		{6234EF85-0949-4955-8011-447E15757118}.Debug|Any CPU.ActiveCfg = Debug|Any CPU
		{6234EF85-0949-4955-8011-447E15757118}.Debug|Any CPU.Build.0 = Debug|Any CPU
		{6234EF85-0949-4955-8011-447E15757118}.Release|Any CPU.ActiveCfg = Release|Any CPU
		{6234EF85-0949-4955-8011-447E15757118}.Release|Any CPU.Build.0 = Release|Any CPU
	EndGlobalSection
	GlobalSection(SolutionProperties) = preSolution
		HideSolutionNode = FALSE
	EndGlobalSection
	GlobalSection(ExtensibilityGlobals) = postSolution
		SolutionGuid = {38672DD2-D604-451E-BE6F-F3AB23661547}
	EndGlobalSection
EndGlobal
